// !$*UTF8*$!
{
	archiveVersion = 1;
	classes = {
	};
	objectVersion = 46;
	objects = {

/* Begin PBXBuildFile section */
		F501BDEA1BC77F3A0035E7E9 /* AppDelegate.swift in Sources */ = {isa = PBXBuildFile; fileRef = F501BDE91BC77F3A0035E7E9 /* AppDelegate.swift */; };
		F501BDEC1BC77F3A0035E7E9 /* ViewController.swift in Sources */ = {isa = PBXBuildFile; fileRef = F501BDEB1BC77F3A0035E7E9 /* ViewController.swift */; };
		F501BDEF1BC77F3A0035E7E9 /* Main.storyboard in Resources */ = {isa = PBXBuildFile; fileRef = F501BDED1BC77F3A0035E7E9 /* Main.storyboard */; };
		F501BDF11BC77F3A0035E7E9 /* Assets.xcassets in Resources */ = {isa = PBXBuildFile; fileRef = F501BDF01BC77F3A0035E7E9 /* Assets.xcassets */; };
		F501BDF41BC77F3A0035E7E9 /* LaunchScreen.storyboard in Resources */ = {isa = PBXBuildFile; fileRef = F501BDF21BC77F3A0035E7E9 /* LaunchScreen.storyboard */; };
		F501BDFD1BC77FA00035E7E9 /* SwiftProtocols.swift in Sources */ = {isa = PBXBuildFile; fileRef = F501BDFC1BC77FA00035E7E9 /* SwiftProtocols.swift */; settings = {ASSET_TAGS = (); }; };
		F54A36211BE8413C006E897A /* FriendTableViewController.swift in Sources */ = {isa = PBXBuildFile; fileRef = F54A36201BE8413C006E897A /* FriendTableViewController.swift */; settings = {ASSET_TAGS = (); }; };
		F54A36251BE84208006E897A /* Datasource.swift in Sources */ = {isa = PBXBuildFile; fileRef = F54A36241BE84208006E897A /* Datasource.swift */; settings = {ASSET_TAGS = (); }; };
		F54A36281BE84240006E897A /* CoreSpotlight.framework in Frameworks */ = {isa = PBXBuildFile; fileRef = F54A36271BE84240006E897A /* CoreSpotlight.framework */; };
		F54A362A1BE8427B006E897A /* Person.swift in Sources */ = {isa = PBXBuildFile; fileRef = F54A36291BE8427B006E897A /* Person.swift */; settings = {ASSET_TAGS = (); }; };
/* End PBXBuildFile section */

/* Begin PBXFileReference section */
		F501BDE61BC77F3A0035E7E9 /* iOSStudy-Swift2.0.app */ = {isa = PBXFileReference; explicitFileType = wrapper.application; includeInIndex = 0; path = "iOSStudy-Swift2.0.app"; sourceTree = BUILT_PRODUCTS_DIR; };
		F501BDE91BC77F3A0035E7E9 /* AppDelegate.swift */ = {isa = PBXFileReference; lastKnownFileType = sourcecode.swift; path = AppDelegate.swift; sourceTree = "<group>"; };
		F501BDEB1BC77F3A0035E7E9 /* ViewController.swift */ = {isa = PBXFileReference; lastKnownFileType = sourcecode.swift; path = ViewController.swift; sourceTree = "<group>"; };
		F501BDEE1BC77F3A0035E7E9 /* Base */ = {isa = PBXFileReference; lastKnownFileType = file.storyboard; name = Base; path = Base.lproj/Main.storyboard; sourceTree = "<group>"; };
		F501BDF01BC77F3A0035E7E9 /* Assets.xcassets */ = {isa = PBXFileReference; lastKnownFileType = folder.assetcatalog; path = Assets.xcassets; sourceTree = "<group>"; };
		F501BDF31BC77F3A0035E7E9 /* Base */ = {isa = PBXFileReference; lastKnownFileType = file.storyboard; name = Base; path = Base.lproj/LaunchScreen.storyboard; sourceTree = "<group>"; };
		F501BDF51BC77F3A0035E7E9 /* Info.plist */ = {isa = PBXFileReference; lastKnownFileType = text.plist.xml; path = Info.plist; sourceTree = "<group>"; };
		F501BDFC1BC77FA00035E7E9 /* SwiftProtocols.swift */ = {isa = PBXFileReference; fileEncoding = 4; lastKnownFileType = sourcecode.swift; path = SwiftProtocols.swift; sourceTree = "<group>"; };
		F54A361C1BE83E0E006E897A /* README.md */ = {isa = PBXFileReference; fileEncoding = 4; lastKnownFileType = net.daringfireball.markdown; path = README.md; sourceTree = "<group>"; };
		F54A36201BE8413C006E897A /* FriendTableViewController.swift */ = {isa = PBXFileReference; fileEncoding = 4; lastKnownFileType = sourcecode.swift; path = FriendTableViewController.swift; sourceTree = "<group>"; };
		F54A36241BE84208006E897A /* Datasource.swift */ = {isa = PBXFileReference; fileEncoding = 4; lastKnownFileType = sourcecode.swift; path = Datasource.swift; sourceTree = "<group>"; };
		F54A36271BE84240006E897A /* CoreSpotlight.framework */ = {isa = PBXFileReference; lastKnownFileType = wrapper.framework; name = CoreSpotlight.framework; path = System/Library/Frameworks/CoreSpotlight.framework; sourceTree = SDKROOT; };
		F54A36291BE8427B006E897A /* Person.swift */ = {isa = PBXFileReference; fileEncoding = 4; lastKnownFileType = sourcecode.swift; path = Person.swift; sourceTree = "<group>"; };
/* End PBXFileReference section */

/* Begin PBXFrameworksBuildPhase section */
		F501BDE31BC77F3A0035E7E9 /* Frameworks */ = {
			isa = PBXFrameworksBuildPhase;
			buildActionMask = 2147483647;
			files = (
				F54A36281BE84240006E897A /* CoreSpotlight.framework in Frameworks */,
			);
			runOnlyForDeploymentPostprocessing = 0;
		};
/* End PBXFrameworksBuildPhase section */

/* Begin PBXGroup section */
		F501BDDD1BC77F3A0035E7E9 = {
			isa = PBXGroup;
			children = (
				F501BDE81BC77F3A0035E7E9 /* iOSStudy-Swift2.0 */,
				F501BDE71BC77F3A0035E7E9 /* Products */,
			);
			sourceTree = "<group>";
		};
		F501BDE71BC77F3A0035E7E9 /* Products */ = {
			isa = PBXGroup;
			children = (
				F501BDE61BC77F3A0035E7E9 /* iOSStudy-Swift2.0.app */,
			);
			name = Products;
			sourceTree = "<group>";
		};
		F501BDE81BC77F3A0035E7E9 /* iOSStudy-Swift2.0 */ = {
			isa = PBXGroup;
			children = (
				F54A36261BE84234006E897A /* Frameworks */,
				F54A361B1BE83DF2006E897A /* Day1-SearchAPIs */,
				F501BDFB1BC77F7C0035E7E9 /* 面向协议编程 */,
				F501BDE91BC77F3A0035E7E9 /* AppDelegate.swift */,
				F501BDEB1BC77F3A0035E7E9 /* ViewController.swift */,
				F501BDED1BC77F3A0035E7E9 /* Main.storyboard */,
				F501BDF01BC77F3A0035E7E9 /* Assets.xcassets */,
				F501BDF21BC77F3A0035E7E9 /* LaunchScreen.storyboard */,
				F501BDF51BC77F3A0035E7E9 /* Info.plist */,
			);
			path = "iOSStudy-Swift2.0";
			sourceTree = "<group>";
		};
		F501BDFB1BC77F7C0035E7E9 /* 面向协议编程 */ = {
			isa = PBXGroup;
			children = (
				F501BDFC1BC77FA00035E7E9 /* SwiftProtocols.swift */,
			);
			path = "面向协议编程";
			sourceTree = "<group>";
		};
		F54A361B1BE83DF2006E897A /* Day1-SearchAPIs */ = {
			isa = PBXGroup;
			children = (
				F54A362B1BE84344006E897A /* images */,
				F54A361C1BE83E0E006E897A /* README.md */,
				F54A36201BE8413C006E897A /* FriendTableViewController.swift */,
				F54A36241BE84208006E897A /* Datasource.swift */,
				F54A36291BE8427B006E897A /* Person.swift */,
			);
			path = "Day1-SearchAPIs";
			sourceTree = "<group>";
		};
		F54A36261BE84234006E897A /* Frameworks */ = {
			isa = PBXGroup;
			children = (
				F54A36271BE84240006E897A /* CoreSpotlight.framework */,
			);
			path = Frameworks;
			sourceTree = "<group>";
		};
		F54A362B1BE84344006E897A /* images */ = {
			isa = PBXGroup;
			children = (
			);
			path = images;
			sourceTree = "<group>";
		};
/* End PBXGroup section */

/* Begin PBXNativeTarget section */
		F501BDE51BC77F3A0035E7E9 /* iOSStudy-Swift2.0 */ = {
			isa = PBXNativeTarget;
			buildConfigurationList = F501BDF81BC77F3A0035E7E9 /* Build configuration list for PBXNativeTarget "iOSStudy-Swift2.0" */;
			buildPhases = (
				F501BDE21BC77F3A0035E7E9 /* Sources */,
				F501BDE31BC77F3A0035E7E9 /* Frameworks */,
				F501BDE41BC77F3A0035E7E9 /* Resources */,
			);
			buildRules = (
			);
			dependencies = (
			);
			name = "iOSStudy-Swift2.0";
			productName = "iOSStudy-Swift2.0";
			productReference = F501BDE61BC77F3A0035E7E9 /* iOSStudy-Swift2.0.app */;
			productType = "com.apple.product-type.application";
		};
/* End PBXNativeTarget section */

/* Begin PBXProject section */
		F501BDDE1BC77F3A0035E7E9 /* Project object */ = {
			isa = PBXProject;
			attributes = {
				LastUpgradeCheck = 0700;
				ORGANIZATIONNAME = BFL;
				TargetAttributes = {
					F501BDE51BC77F3A0035E7E9 = {
						CreatedOnToolsVersion = 7.0;
					};
				};
			};
			buildConfigurationList = F501BDE11BC77F3A0035E7E9 /* Build configuration list for PBXProject "iOSStudy-Swift2.0" */;
			compatibilityVersion = "Xcode 3.2";
			developmentRegion = English;
			hasScannedForEncodings = 0;
			knownRegions = (
				en,
				Base,
			);
			mainGroup = F501BDDD1BC77F3A0035E7E9;
			productRefGroup = F501BDE71BC77F3A0035E7E9 /* Products */;
			projectDirPath = "";
			projectRoot = "";
			targets = (
				F501BDE51BC77F3A0035E7E9 /* iOSStudy-Swift2.0 */,
			);
		};
/* End PBXProject section */

/* Begin PBXResourcesBuildPhase section */
		F501BDE41BC77F3A0035E7E9 /* Resources */ = {
			isa = PBXResourcesBuildPhase;
			buildActionMask = 2147483647;
			files = (
				F501BDF41BC77F3A0035E7E9 /* LaunchScreen.storyboard in Resources */,
				F501BDF11BC77F3A0035E7E9 /* Assets.xcassets in Resources */,
				F501BDEF1BC77F3A0035E7E9 /* Main.storyboard in Resources */,
			);
			runOnlyForDeploymentPostprocessing = 0;
		};
/* End PBXResourcesBuildPhase section */

/* Begin PBXSourcesBuildPhase section */
		F501BDE21BC77F3A0035E7E9 /* Sources */ = {
			isa = PBXSourcesBuildPhase;
			buildActionMask = 2147483647;
			files = (
				F54A362A1BE8427B006E897A /* Person.swift in Sources */,
				F501BDEC1BC77F3A0035E7E9 /* ViewController.swift in Sources */,
				F54A36211BE8413C006E897A /* FriendTableViewController.swift in Sources */,
				F54A36251BE84208006E897A /* Datasource.swift in Sources */,
				F501BDEA1BC77F3A0035E7E9 /* AppDelegate.swift in Sources */,
				F501BDFD1BC77FA00035E7E9 /* SwiftProtocols.swift in Sources */,
			);
			runOnlyForDeploymentPostprocessing = 0;
		};
/* End PBXSourcesBuildPhase section */

/* Begin PBXVariantGroup section */
		F501BDED1BC77F3A0035E7E9 /* Main.storyboard */ = {
			isa = PBXVariantGroup;
			children = (
				F501BDEE1BC77F3A0035E7E9 /* Base */,
			);
			name = Main.storyboard;
			sourceTree = "<group>";
		};
		F501BDF21BC77F3A0035E7E9 /* LaunchScreen.storyboard */ = {
			isa = PBXVariantGroup;
			children = (
				F501BDF31BC77F3A0035E7E9 /* Base */,
			);
			name = LaunchScreen.storyboard;
			sourceTree = "<group>";
		};
/* End PBXVariantGroup section */

/* Begin XCBuildConfiguration section */
		F501BDF61BC77F3A0035E7E9 /* Debug */ = {
			isa = XCBuildConfiguration;
			buildSettings = {
				ALWAYS_SEARCH_USER_PATHS = NO;
				CLANG_CXX_LANGUAGE_STANDARD = "gnu++0x";
				CLANG_CXX_LIBRARY = "libc++";
				CLANG_ENABLE_MODULES = YES;
				CLANG_ENABLE_OBJC_ARC = YES;
				CLANG_WARN_BOOL_CONVERSION = YES;
				CLANG_WARN_CONSTANT_CONVERSION = YES;
				CLANG_WARN_DIRECT_OBJC_ISA_USAGE = YES_ERROR;
				CLANG_WARN_EMPTY_BODY = YES;
				CLANG_WARN_ENUM_CONVERSION = YES;
				CLANG_WARN_INT_CONVERSION = YES;
				CLANG_WARN_OBJC_ROOT_CLASS = YES_ERROR;
				CLANG_WARN_UNREACHABLE_CODE = YES;
				CLANG_WARN__DUPLICATE_METHOD_MATCH = YES;
				"CODE_SIGN_IDENTITY[sdk=iphoneos*]" = "iPhone Developer";
				COPY_PHASE_STRIP = NO;
				DEBUG_INFORMATION_FORMAT = dwarf;
				ENABLE_STRICT_OBJC_MSGSEND = YES;
				ENABLE_TESTABILITY = YES;
				GCC_C_LANGUAGE_STANDARD = gnu99;
				GCC_DYNAMIC_NO_PIC = NO;
				GCC_NO_COMMON_BLOCKS = YES;
				GCC_OPTIMIZATION_LEVEL = 0;
				GCC_PREPROCESSOR_DEFINITIONS = (
					"DEBUG=1",
					"$(inherited)",
				);
				GCC_WARN_64_TO_32_BIT_CONVERSION = YES;
				GCC_WARN_ABOUT_RETURN_TYPE = YES_ERROR;
				GCC_WARN_UNDECLARED_SELECTOR = YES;
				GCC_WARN_UNINITIALIZED_AUTOS = YES_AGGRESSIVE;
				GCC_WARN_UNUSED_FUNCTION = YES;
				GCC_WARN_UNUSED_VARIABLE = YES;
				IPHONEOS_DEPLOYMENT_TARGET = 9.0;
				MTL_ENABLE_DEBUG_INFO = YES;
				ONLY_ACTIVE_ARCH = YES;
				SDKROOT = iphoneos;
				SWIFT_OPTIMIZATION_LEVEL = "-Onone";
			};
			name = Debug;
		};
		F501BDF71BC77F3A0035E7E9 /* Release */ = {
			isa = XCBuildConfiguration;
			buildSettings = {
				ALWAYS_SEARCH_USER_PATHS = NO;
				CLANG_CXX_LANGUAGE_STANDARD = "gnu++0x";
				CLANG_CXX_LIBRARY = "libc++";
				CLANG_ENABLE_MODULES = YES;
				CLANG_ENABLE_OBJC_ARC = YES;
				CLANG_WARN_BOOL_CONVERSION = YES;
				CLANG_WARN_CONSTANT_CONVERSION = YES;
				CLANG_WARN_DIRECT_OBJC_ISA_USAGE = YES_ERROR;
				CLANG_WARN_EMPTY_BODY = YES;
				CLANG_WARN_ENUM_CONVERSION = YES;
				CLANG_WARN_INT_CONVERSION = YES;
				CLANG_WARN_OBJC_ROOT_CLASS = YES_ERROR;
				CLANG_WARN_UNREACHABLE_CODE = YES;
				CLANG_WARN__DUPLICATE_METHOD_MATCH = YES;
				"CODE_SIGN_IDENTITY[sdk=iphoneos*]" = "iPhone Developer";
				COPY_PHASE_STRIP = NO;
				DEBUG_INFORMATION_FORMAT = "dwarf-with-dsym";
				ENABLE_NS_ASSERTIONS = NO;
				ENABLE_STRICT_OBJC_MSGSEND = YES;
				GCC_C_LANGUAGE_STANDARD = gnu99;
				GCC_NO_COMMON_BLOCKS = YES;
				GCC_WARN_64_TO_32_BIT_CONVERSION = YES;
				GCC_WARN_ABOUT_RETURN_TYPE = YES_ERROR;
				GCC_WARN_UNDECLARED_SELECTOR = YES;
				GCC_WARN_UNINITIALIZED_AUTOS = YES_AGGRESSIVE;
				GCC_WARN_UNUSED_FUNCTION = YES;
				GCC_WARN_UNUSED_VARIABLE = YES;
				IPHONEOS_DEPLOYMENT_TARGET = 9.0;
				MTL_ENABLE_DEBUG_INFO = NO;
				SDKROOT = iphoneos;
				VALIDATE_PRODUCT = YES;
			};
			name = Release;
		};
		F501BDF91BC77F3A0035E7E9 /* Debug */ = {
			isa = XCBuildConfiguration;
			buildSettings = {
				ASSETCATALOG_COMPILER_APPICON_NAME = AppIcon;
				INFOPLIST_FILE = "iOSStudy-Swift2.0/Info.plist";
				LD_RUNPATH_SEARCH_PATHS = "$(inherited) @executable_path/Frameworks";
				PRODUCT_BUNDLE_IDENTIFIER = "com.bfl.iOSStudy-Swift2-0";
				PRODUCT_NAME = "$(TARGET_NAME)";
			};
			name = Debug;
		};
		F501BDFA1BC77F3A0035E7E9 /* Release */ = {
			isa = XCBuildConfiguration;
			buildSettings = {
				ASSETCATALOG_COMPILER_APPICON_NAME = AppIcon;
				INFOPLIST_FILE = "iOSStudy-Swift2.0/Info.plist";
				LD_RUNPATH_SEARCH_PATHS = "$(inherited) @executable_path/Frameworks";
				PRODUCT_BUNDLE_IDENTIFIER = "com.bfl.iOSStudy-Swift2-0";
				PRODUCT_NAME = "$(TARGET_NAME)";
			};
			name = Release;
		};
/* End XCBuildConfiguration section */

/* Begin XCConfigurationList section */
		F501BDE11BC77F3A0035E7E9 /* Build configuration list for PBXProject "iOSStudy-Swift2.0" */ = {
			isa = XCConfigurationList;
			buildConfigurations = (
				F501BDF61BC77F3A0035E7E9 /* Debug */,
				F501BDF71BC77F3A0035E7E9 /* Release */,
			);
			defaultConfigurationIsVisible = 0;
			defaultConfigurationName = Release;
		};
		F501BDF81BC77F3A0035E7E9 /* Build configuration list for PBXNativeTarget "iOSStudy-Swift2.0" */ = {
			isa = XCConfigurationList;
			buildConfigurations = (
				F501BDF91BC77F3A0035E7E9 /* Debug */,
				F501BDFA1BC77F3A0035E7E9 /* Release */,
			);
			defaultConfigurationIsVisible = 0;
			defaultConfigurationName = Release;
		};
/* End XCConfigurationList section */
	};
	rootObject = F501BDDE1BC77F3A0035E7E9 /* Project object */;
}
